
Microsoft Visual Studio Solution File, Format Version 12.00
# Visual Studio Version 17
VisualStudioVersion = 17.0.31912.275
MinimumVisualStudioVersion = 10.0.40219.1
Project("{FAE04EC0-301F-11D3-BF4B-00C04F79EFBC}") = "Accelerator", "Accelerator\Accelerator.csproj", "{B7756C24-1DDF-4307-908C-3AA8D42CE5F9}"
EndProject
Project("{FAE04EC0-301F-11D3-BF4B-00C04F79EFBC}") = "Data", "Data\Data.csproj", "{CC616B27-3232-40C6-BA5E-D537A6407790}"
EndProject
Project("{FAE04EC0-301F-11D3-BF4B-00C04F79EFBC}") = "Search", "Search\Search.csproj", "{13C652A8-B28C-441F-A416-DD785A5B5124}"
EndProject
Project("{FAE04EC0-301F-11D3-BF4B-00C04F79EFBC}") = "Authentication", "Authentication\Authentication.csproj", "{E6929095-1303-43D5-81C3-7EE6AB97D3BC}"
EndProject
Project("{FAE04EC0-301F-11D3-BF4B-00C04F79EFBC}") = "Search_Data", "Search_Data\Search_Data.csproj", "{38DBA66A-7F61-4587-A044-55908AFB5BEF}"
EndProject
Project("{FAE04EC0-301F-11D3-BF4B-00C04F79EFBC}") = "Parse_Documents", "Parse_Documents\Parse_Documents.csproj", "{BB3FBC67-9A21-4FBC-AA7C-15924D445514}"
EndProject
Global
	GlobalSection(SolutionConfigurationPlatforms) = preSolution
		Debug|Any CPU = Debug|Any CPU
		Release|Any CPU = Release|Any CPU
	EndGlobalSection
	GlobalSection(ProjectConfigurationPlatforms) = postSolution
		{B7756C24-1DDF-4307-908C-3AA8D42CE5F9}.Debug|Any CPU.ActiveCfg = Debug|Any CPU
		{B7756C24-1DDF-4307-908C-3AA8D42CE5F9}.Debug|Any CPU.Build.0 = Debug|Any CPU
		{B7756C24-1DDF-4307-908C-3AA8D42CE5F9}.Release|Any CPU.ActiveCfg = Release|Any CPU
		{B7756C24-1DDF-4307-908C-3AA8D42CE5F9}.Release|Any CPU.Build.0 = Release|Any CPU
		{CC616B27-3232-40C6-BA5E-D537A6407790}.Debug|Any CPU.ActiveCfg = Debug|Any CPU
		{CC616B27-3232-40C6-BA5E-D537A6407790}.Debug|Any CPU.Build.0 = Debug|Any CPU
		{CC616B27-3232-40C6-BA5E-D537A6407790}.Release|Any CPU.ActiveCfg = Release|Any CPU
		{CC616B27-3232-40C6-BA5E-D537A6407790}.Release|Any CPU.Build.0 = Release|Any CPU
		{13C652A8-B28C-441F-A416-DD785A5B5124}.Debug|Any CPU.ActiveCfg = Debug|Any CPU
		{13C652A8-B28C-441F-A416-DD785A5B5124}.Debug|Any CPU.Build.0 = Debug|Any CPU
		{13C652A8-B28C-441F-A416-DD785A5B5124}.Release|Any CPU.ActiveCfg = Release|Any CPU
		{13C652A8-B28C-441F-A416-DD785A5B5124}.Release|Any CPU.Build.0 = Release|Any CPU
		{E6929095-1303-43D5-81C3-7EE6AB97D3BC}.Debug|Any CPU.ActiveCfg = Debug|Any CPU
		{E6929095-1303-43D5-81C3-7EE6AB97D3BC}.Debug|Any CPU.Build.0 = Debug|Any CPU
		{E6929095-1303-43D5-81C3-7EE6AB97D3BC}.Release|Any CPU.ActiveCfg = Release|Any CPU
		{E6929095-1303-43D5-81C3-7EE6AB97D3BC}.Release|Any CPU.Build.0 = Release|Any CPU
		{38DBA66A-7F61-4587-A044-55908AFB5BEF}.Debug|Any CPU.ActiveCfg = Debug|Any CPU
		{38DBA66A-7F61-4587-A044-55908AFB5BEF}.Debug|Any CPU.Build.0 = Debug|Any CPU
		{38DBA66A-7F61-4587-A044-55908AFB5BEF}.Release|Any CPU.ActiveCfg = Release|Any CPU
		{38DBA66A-7F61-4587-A044-55908AFB5BEF}.Release|Any CPU.Build.0 = Release|Any CPU
		{BB3FBC67-9A21-4FBC-AA7C-15924D445514}.Debug|Any CPU.ActiveCfg = Debug|Any CPU
		{BB3FBC67-9A21-4FBC-AA7C-15924D445514}.Debug|Any CPU.Build.0 = Debug|Any CPU
		{BB3FBC67-9A21-4FBC-AA7C-15924D445514}.Release|Any CPU.ActiveCfg = Release|Any CPU
		{BB3FBC67-9A21-4FBC-AA7C-15924D445514}.Release|Any CPU.Build.0 = Release|Any CPU
	EndGlobalSection
	GlobalSection(SolutionProperties) = preSolution
		HideSolutionNode = FALSE
	EndGlobalSection
	GlobalSection(ExtensibilityGlobals) = postSolution
		SolutionGuid = {4C67F001-D654-48C7-BDE1-B120DE2B3A14}
	EndGlobalSection
EndGlobal
